
Microsoft Visual Studio Solution File, Format Version 12.00
# Visual Studio 15
VisualStudioVersion = 15.0.27004.2002
MinimumVisualStudioVersion = 10.0.40219.1
Project("{FAE04EC0-301F-11D3-BF4B-00C04F79EFBC}") = "PSInfoLib", "PSInfoLib\PSInfoLib.csproj", "{50BC5CB2-7320-4F2D-B7B2-830C7FA25130}"
EndProject
Project("{FAE04EC0-301F-11D3-BF4B-00C04F79EFBC}") = "PsInfoCmdlet", "PsInfoCmdlet\PsInfoCmdlet.csproj", "{2DCBA067-E09C-43F9-BEC7-95B016875DC9}"
EndProject
Global
	GlobalSection(SolutionConfigurationPlatforms) = preSolution
		Debug|Any CPU = Debug|Any CPU
		Release|Any CPU = Release|Any CPU
	EndGlobalSection
	GlobalSection(ProjectConfigurationPlatforms) = postSolution
		{50BC5CB2-7320-4F2D-B7B2-830C7FA25130}.Debug|Any CPU.ActiveCfg = Debug|Any CPU
		{50BC5CB2-7320-4F2D-B7B2-830C7FA25130}.Debug|Any CPU.Build.0 = Debug|Any CPU
		{50BC5CB2-7320-4F2D-B7B2-830C7FA25130}.Release|Any CPU.ActiveCfg = Release|Any CPU
		{50BC5CB2-7320-4F2D-B7B2-830C7FA25130}.Release|Any CPU.Build.0 = Release|Any CPU
		{54A8A271-3D80-4ED5-9403-58386F8C5821}.Debug|Any CPU.ActiveCfg = Debug|Any CPU
		{54A8A271-3D80-4ED5-9403-58386F8C5821}.Debug|Any CPU.Build.0 = Debug|Any CPU
		{54A8A271-3D80-4ED5-9403-58386F8C5821}.Release|Any CPU.ActiveCfg = Release|Any CPU
		{54A8A271-3D80-4ED5-9403-58386F8C5821}.Release|Any CPU.Build.0 = Release|Any CPU
		{2DCBA067-E09C-43F9-BEC7-95B016875DC9}.Debug|Any CPU.ActiveCfg = Debug|Any CPU
		{2DCBA067-E09C-43F9-BEC7-95B016875DC9}.Debug|Any CPU.Build.0 = Debug|Any CPU
		{2DCBA067-E09C-43F9-BEC7-95B016875DC9}.Release|Any CPU.ActiveCfg = Release|Any CPU
		{2DCBA067-E09C-43F9-BEC7-95B016875DC9}.Release|Any CPU.Build.0 = Release|Any CPU
	EndGlobalSection
	GlobalSection(SolutionProperties) = preSolution
		HideSolutionNode = FALSE
	EndGlobalSection
	GlobalSection(ExtensibilityGlobals) = postSolution
		SolutionGuid = {7CA783F9-E108-4CAA-8EC9-43C5CD7692CA}
	EndGlobalSection
EndGlobal
